
Microsoft Visual Studio Solution File, Format Version 12.00
# Visual Studio Version 16
VisualStudioVersion = 16.0.31829.152
MinimumVisualStudioVersion = 10.0.40219.1
Project("{8BC9CEB8-8B4A-11D0-8D11-00A0C91BC942}") = "HIPTerminator", "HIPTerminator\SafeDemo.vcxproj", "{3A05B939-056A-4419-99E6-B0B8B33EAD3E}"
EndProject
Project("{8BC9CEB8-8B4A-11D0-8D11-00A0C91BC942}") = "HIPHookProtect", "HIPHookProtect\HIPHookProtect.vcxproj", "{FBAD6862-15A3-4C25-9758-FFAF54B9F034}"
EndProject
Global
	GlobalSection(SolutionConfigurationPlatforms) = preSolution
		Debug|ARM = Debug|ARM
		Debug|ARM64 = Debug|ARM64
		Debug|x64 = Debug|x64
		Debug|x86 = Debug|x86
		Release|ARM = Release|ARM
		Release|ARM64 = Release|ARM64
		Release|x64 = Release|x64
		Release|x86 = Release|x86
		UnicodeDebug|ARM = UnicodeDebug|ARM
		UnicodeDebug|ARM64 = UnicodeDebug|ARM64
		UnicodeDebug|x64 = UnicodeDebug|x64
		UnicodeDebug|x86 = UnicodeDebug|x86
		UnicodeRelease|ARM = UnicodeRelease|ARM
		UnicodeRelease|ARM64 = UnicodeRelease|ARM64
		UnicodeRelease|x64 = UnicodeRelease|x64
		UnicodeRelease|x86 = UnicodeRelease|x86
	EndGlobalSection
	GlobalSection(ProjectConfigurationPlatforms) = postSolution
		{3A05B939-056A-4419-99E6-B0B8B33EAD3E}.Debug|ARM.ActiveCfg = Debug|Win32
		{3A05B939-056A-4419-99E6-B0B8B33EAD3E}.Debug|ARM64.ActiveCfg = Debug|Win32
		{3A05B939-056A-4419-99E6-B0B8B33EAD3E}.Debug|x64.ActiveCfg = Debug|Win32
		{3A05B939-056A-4419-99E6-B0B8B33EAD3E}.Debug|x86.ActiveCfg = Debug|Win32
		{3A05B939-056A-4419-99E6-B0B8B33EAD3E}.Debug|x86.Build.0 = Debug|Win32
		{3A05B939-056A-4419-99E6-B0B8B33EAD3E}.Release|ARM.ActiveCfg = Release|Win32
		{3A05B939-056A-4419-99E6-B0B8B33EAD3E}.Release|ARM64.ActiveCfg = Release|Win32
		{3A05B939-056A-4419-99E6-B0B8B33EAD3E}.Release|x64.ActiveCfg = Release|Win32
		{3A05B939-056A-4419-99E6-B0B8B33EAD3E}.Release|x86.ActiveCfg = Release|Win32
		{3A05B939-056A-4419-99E6-B0B8B33EAD3E}.Release|x86.Build.0 = Release|Win32
		{3A05B939-056A-4419-99E6-B0B8B33EAD3E}.UnicodeDebug|ARM.ActiveCfg = UnicodeDebug|Win32
		{3A05B939-056A-4419-99E6-B0B8B33EAD3E}.UnicodeDebug|ARM64.ActiveCfg = UnicodeDebug|Win32
		{3A05B939-056A-4419-99E6-B0B8B33EAD3E}.UnicodeDebug|x64.ActiveCfg = UnicodeDebug|Win32
		{3A05B939-056A-4419-99E6-B0B8B33EAD3E}.UnicodeDebug|x86.ActiveCfg = UnicodeDebug|Win32
		{3A05B939-056A-4419-99E6-B0B8B33EAD3E}.UnicodeDebug|x86.Build.0 = UnicodeDebug|Win32
		{3A05B939-056A-4419-99E6-B0B8B33EAD3E}.UnicodeRelease|ARM.ActiveCfg = UnicodeRelease|Win32
		{3A05B939-056A-4419-99E6-B0B8B33EAD3E}.UnicodeRelease|ARM64.ActiveCfg = UnicodeRelease|Win32
		{3A05B939-056A-4419-99E6-B0B8B33EAD3E}.UnicodeRelease|x64.ActiveCfg = UnicodeRelease|Win32
		{3A05B939-056A-4419-99E6-B0B8B33EAD3E}.UnicodeRelease|x86.ActiveCfg = UnicodeRelease|Win32
		{3A05B939-056A-4419-99E6-B0B8B33EAD3E}.UnicodeRelease|x86.Build.0 = UnicodeRelease|Win32
		{FBAD6862-15A3-4C25-9758-FFAF54B9F034}.Debug|ARM.ActiveCfg = Debug|ARM
		{FBAD6862-15A3-4C25-9758-FFAF54B9F034}.Debug|ARM.Build.0 = Debug|ARM
		{FBAD6862-15A3-4C25-9758-FFAF54B9F034}.Debug|ARM.Deploy.0 = Debug|ARM
		{FBAD6862-15A3-4C25-9758-FFAF54B9F034}.Debug|ARM64.ActiveCfg = Debug|ARM64
		{FBAD6862-15A3-4C25-9758-FFAF54B9F034}.Debug|ARM64.Build.0 = Debug|ARM64
		{FBAD6862-15A3-4C25-9758-FFAF54B9F034}.Debug|ARM64.Deploy.0 = Debug|ARM64
		{FBAD6862-15A3-4C25-9758-FFAF54B9F034}.Debug|x64.ActiveCfg = Debug|x64
		{FBAD6862-15A3-4C25-9758-FFAF54B9F034}.Debug|x64.Build.0 = Debug|x64
		{FBAD6862-15A3-4C25-9758-FFAF54B9F034}.Debug|x64.Deploy.0 = Debug|x64
		{FBAD6862-15A3-4C25-9758-FFAF54B9F034}.Debug|x86.ActiveCfg = Debug|Win32
		{FBAD6862-15A3-4C25-9758-FFAF54B9F034}.Debug|x86.Build.0 = Debug|Win32
		{FBAD6862-15A3-4C25-9758-FFAF54B9F034}.Debug|x86.Deploy.0 = Debug|Win32
		{FBAD6862-15A3-4C25-9758-FFAF54B9F034}.Release|ARM.ActiveCfg = Release|ARM
		{FBAD6862-15A3-4C25-9758-FFAF54B9F034}.Release|ARM.Build.0 = Release|ARM
		{FBAD6862-15A3-4C25-9758-FFAF54B9F034}.Release|ARM.Deploy.0 = Release|ARM
		{FBAD6862-15A3-4C25-9758-FFAF54B9F034}.Release|ARM64.ActiveCfg = Release|ARM64
		{FBAD6862-15A3-4C25-9758-FFAF54B9F034}.Release|ARM64.Build.0 = Release|ARM64
		{FBAD6862-15A3-4C25-9758-FFAF54B9F034}.Release|ARM64.Deploy.0 = Release|ARM64
		{FBAD6862-15A3-4C25-9758-FFAF54B9F034}.Release|x64.ActiveCfg = Release|x64
		{FBAD6862-15A3-4C25-9758-FFAF54B9F034}.Release|x64.Build.0 = Release|x64
		{FBAD6862-15A3-4C25-9758-FFAF54B9F034}.Release|x64.Deploy.0 = Release|x64
		{FBAD6862-15A3-4C25-9758-FFAF54B9F034}.Release|x86.ActiveCfg = Release|Win32
		{FBAD6862-15A3-4C25-9758-FFAF54B9F034}.Release|x86.Build.0 = Release|Win32
		{FBAD6862-15A3-4C25-9758-FFAF54B9F034}.Release|x86.Deploy.0 = Release|Win32
		{FBAD6862-15A3-4C25-9758-FFAF54B9F034}.UnicodeDebug|ARM.ActiveCfg = Debug|ARM
		{FBAD6862-15A3-4C25-9758-FFAF54B9F034}.UnicodeDebug|ARM.Build.0 = Debug|ARM
		{FBAD6862-15A3-4C25-9758-FFAF54B9F034}.UnicodeDebug|ARM.Deploy.0 = Debug|ARM
		{FBAD6862-15A3-4C25-9758-FFAF54B9F034}.UnicodeDebug|ARM64.ActiveCfg = Debug|ARM64
		{FBAD6862-15A3-4C25-9758-FFAF54B9F034}.UnicodeDebug|ARM64.Build.0 = Debug|ARM64
		{FBAD6862-15A3-4C25-9758-FFAF54B9F034}.UnicodeDebug|ARM64.Deploy.0 = Debug|ARM64
		{FBAD6862-15A3-4C25-9758-FFAF54B9F034}.UnicodeDebug|x64.ActiveCfg = Debug|x64
		{FBAD6862-15A3-4C25-9758-FFAF54B9F034}.UnicodeDebug|x64.Build.0 = Debug|x64
		{FBAD6862-15A3-4C25-9758-FFAF54B9F034}.UnicodeDebug|x64.Deploy.0 = Debug|x64
		{FBAD6862-15A3-4C25-9758-FFAF54B9F034}.UnicodeDebug|x86.ActiveCfg = Debug|Win32
		{FBAD6862-15A3-4C25-9758-FFAF54B9F034}.UnicodeDebug|x86.Build.0 = Debug|Win32
		{FBAD6862-15A3-4C25-9758-FFAF54B9F034}.UnicodeDebug|x86.Deploy.0 = Debug|Win32
		{FBAD6862-15A3-4C25-9758-FFAF54B9F034}.UnicodeRelease|ARM.ActiveCfg = Release|ARM
		{FBAD6862-15A3-4C25-9758-FFAF54B9F034}.UnicodeRelease|ARM.Build.0 = Release|ARM
		{FBAD6862-15A3-4C25-9758-FFAF54B9F034}.UnicodeRelease|ARM.Deploy.0 = Release|ARM
		{FBAD6862-15A3-4C25-9758-FFAF54B9F034}.UnicodeRelease|ARM64.ActiveCfg = Release|ARM64
		{FBAD6862-15A3-4C25-9758-FFAF54B9F034}.UnicodeRelease|ARM64.Build.0 = Release|ARM64
		{FBAD6862-15A3-4C25-9758-FFAF54B9F034}.UnicodeRelease|ARM64.Deploy.0 = Release|ARM64
		{FBAD6862-15A3-4C25-9758-FFAF54B9F034}.UnicodeRelease|x64.ActiveCfg = Release|x64
		{FBAD6862-15A3-4C25-9758-FFAF54B9F034}.UnicodeRelease|x64.Build.0 = Release|x64
		{FBAD6862-15A3-4C25-9758-FFAF54B9F034}.UnicodeRelease|x64.Deploy.0 = Release|x64
		{FBAD6862-15A3-4C25-9758-FFAF54B9F034}.UnicodeRelease|x86.ActiveCfg = Release|Win32
		{FBAD6862-15A3-4C25-9758-FFAF54B9F034}.UnicodeRelease|x86.Build.0 = Release|Win32
		{FBAD6862-15A3-4C25-9758-FFAF54B9F034}.UnicodeRelease|x86.Deploy.0 = Release|Win32
	EndGlobalSection
	GlobalSection(SolutionProperties) = preSolution
		HideSolutionNode = FALSE
	EndGlobalSection
	GlobalSection(ExtensibilityGlobals) = postSolution
		SolutionGuid = {BC38CA8C-BDE6-48B6-A5E5-CBAF3A44AA8C}
	EndGlobalSection
EndGlobal
